
Microsoft Visual Studio Solution File, Format Version 12.00
# Visual Studio Version 17
VisualStudioVersion = 17.12.35707.178 d17.12
MinimumVisualStudioVersion = 10.0.40219.1
Project("{FAE04EC0-301F-11D3-BF4B-00C04F79EFBC}") = "University.API", "University.API\University.API.csproj", "{EB4CD3DB-BAFD-46EF-AE48-C81ACB7BD4AE}"
EndProject
Project("{FAE04EC0-301F-11D3-BF4B-00C04F79EFBC}") = "University.BL", "University.BL\University.BL.csproj", "{61018DA7-DC98-45C8-921A-85265B1DBD93}"
EndProject
Global
	GlobalSection(SolutionConfigurationPlatforms) = preSolution
		Debug|Any CPU = Debug|Any CPU
		Release|Any CPU = Release|Any CPU
	EndGlobalSection
	GlobalSection(ProjectConfigurationPlatforms) = postSolution
		{EB4CD3DB-BAFD-46EF-AE48-C81ACB7BD4AE}.Debug|Any CPU.ActiveCfg = Debug|Any CPU
		{EB4CD3DB-BAFD-46EF-AE48-C81ACB7BD4AE}.Debug|Any CPU.Build.0 = Debug|Any CPU
		{EB4CD3DB-BAFD-46EF-AE48-C81ACB7BD4AE}.Release|Any CPU.ActiveCfg = Release|Any CPU
		{EB4CD3DB-BAFD-46EF-AE48-C81ACB7BD4AE}.Release|Any CPU.Build.0 = Release|Any CPU
		{61018DA7-DC98-45C8-921A-85265B1DBD93}.Debug|Any CPU.ActiveCfg = Debug|Any CPU
		{61018DA7-DC98-45C8-921A-85265B1DBD93}.Debug|Any CPU.Build.0 = Debug|Any CPU
		{61018DA7-DC98-45C8-921A-85265B1DBD93}.Release|Any CPU.ActiveCfg = Release|Any CPU
		{61018DA7-DC98-45C8-921A-85265B1DBD93}.Release|Any CPU.Build.0 = Release|Any CPU
	EndGlobalSection
	GlobalSection(SolutionProperties) = preSolution
		HideSolutionNode = FALSE
	EndGlobalSection
EndGlobal
